
Microsoft Visual Studio Solution File, Format Version 12.00
# Visual Studio Version 16
VisualStudioVersion = 16.0.36422.26
MinimumVisualStudioVersion = 10.0.40219.1
Project("{FAE04EC0-301F-11D3-BF4B-00C04F79EFBC}") = "Module4", "Module4.csproj", "{C72CC170-42CD-4E19-8713-47DD1B42FCFC}"
EndProject
Global
	GlobalSection(SolutionConfigurationPlatforms) = preSolution
		Debug|Any CPU = Debug|Any CPU
		Release|Any CPU = Release|Any CPU
	EndGlobalSection
	GlobalSection(ProjectConfigurationPlatforms) = postSolution
		{C72CC170-42CD-4E19-8713-47DD1B42FCFC}.Debug|Any CPU.ActiveCfg = Debug|Any CPU
		{C72CC170-42CD-4E19-8713-47DD1B42FCFC}.Debug|Any CPU.Build.0 = Debug|Any CPU
		{C72CC170-42CD-4E19-8713-47DD1B42FCFC}.Release|Any CPU.ActiveCfg = Release|Any CPU
		{C72CC170-42CD-4E19-8713-47DD1B42FCFC}.Release|Any CPU.Build.0 = Release|Any CPU
	EndGlobalSection
	GlobalSection(SolutionProperties) = preSolution
		HideSolutionNode = FALSE
	EndGlobalSection
	GlobalSection(ExtensibilityGlobals) = postSolution
		SolutionGuid = {83389E8C-BE64-418E-AC62-CE72079484DC}
	EndGlobalSection
EndGlobal
